
Microsoft Visual Studio Solution File, Format Version 12.00
# Visual Studio Version 17
VisualStudioVersion = 17.9.34701.34
MinimumVisualStudioVersion = 10.0.40219.1
Project("{8BC9CEB8-8B4A-11D0-8D11-00A0C91BC942}") = "Graph1", "Graph1\Graph1.vcxproj", "{318C5B2F-F3F6-416C-9275-112BF01A0DE8}"
EndProject
Global
	GlobalSection(SolutionConfigurationPlatforms) = preSolution
		Debug|x64 = Debug|x64
		Debug|x86 = Debug|x86
		Release|x64 = Release|x64
		Release|x86 = Release|x86
	EndGlobalSection
	GlobalSection(ProjectConfigurationPlatforms) = postSolution
		{318C5B2F-F3F6-416C-9275-112BF01A0DE8}.Debug|x64.ActiveCfg = Debug|x64
		{318C5B2F-F3F6-416C-9275-112BF01A0DE8}.Debug|x64.Build.0 = Debug|x64
		{318C5B2F-F3F6-416C-9275-112BF01A0DE8}.Debug|x86.ActiveCfg = Debug|Win32
		{318C5B2F-F3F6-416C-9275-112BF01A0DE8}.Debug|x86.Build.0 = Debug|Win32
		{318C5B2F-F3F6-416C-9275-112BF01A0DE8}.Release|x64.ActiveCfg = Release|x64
		{318C5B2F-F3F6-416C-9275-112BF01A0DE8}.Release|x64.Build.0 = Release|x64
		{318C5B2F-F3F6-416C-9275-112BF01A0DE8}.Release|x86.ActiveCfg = Release|Win32
		{318C5B2F-F3F6-416C-9275-112BF01A0DE8}.Release|x86.Build.0 = Release|Win32
	EndGlobalSection
	GlobalSection(SolutionProperties) = preSolution
		HideSolutionNode = FALSE
	EndGlobalSection
	GlobalSection(ExtensibilityGlobals) = postSolution
		SolutionGuid = {7BA678AA-944E-48F2-9256-D47CD1C26362}
	EndGlobalSection
EndGlobal
